// !$*UTF8*$!
{
	archiveVersion = 1;
	classes = {
	};
	objectVersion = 50;
	objects = {

/* Begin PBXBuildFile section */
		50E8E1CB20C2175E0012C06C /* AppDelegate.swift in Sources */ = {isa = PBXBuildFile; fileRef = 50E8E1CA20C2175E0012C06C /* AppDelegate.swift */; };
		50E8E1CD20C2175E0012C06C /* ViewController.swift in Sources */ = {isa = PBXBuildFile; fileRef = 50E8E1CC20C2175E0012C06C /* ViewController.swift */; };
		50E8E1D020C2175E0012C06C /* Main.storyboard in Resources */ = {isa = PBXBuildFile; fileRef = 50E8E1CE20C2175E0012C06C /* Main.storyboard */; };
		50E8E1D220C2175F0012C06C /* Assets.xcassets in Resources */ = {isa = PBXBuildFile; fileRef = 50E8E1D120C2175F0012C06C /* Assets.xcassets */; };
		50E8E1D520C2175F0012C06C /* LaunchScreen.storyboard in Resources */ = {isa = PBXBuildFile; fileRef = 50E8E1D320C2175F0012C06C /* LaunchScreen.storyboard */; };
		50E8E1DD20C21CB20012C06C /* CoordenadasViewController.swift in Sources */ = {isa = PBXBuildFile; fileRef = 50E8E1DC20C21CB20012C06C /* CoordenadasViewController.swift */; };
		50E8E1DF20C223E20012C06C /* MapaViewController.swift in Sources */ = {isa = PBXBuildFile; fileRef = 50E8E1DE20C223E20012C06C /* MapaViewController.swift */; };
/* End PBXBuildFile section */

/* Begin PBXFileReference section */
		50E8E1C720C2175E0012C06C /* Mapas.app */ = {isa = PBXFileReference; explicitFileType = wrapper.application; includeInIndex = 0; path = Mapas.app; sourceTree = BUILT_PRODUCTS_DIR; };
		50E8E1CA20C2175E0012C06C /* AppDelegate.swift */ = {isa = PBXFileReference; lastKnownFileType = sourcecode.swift; path = AppDelegate.swift; sourceTree = "<group>"; };
		50E8E1CC20C2175E0012C06C /* ViewController.swift */ = {isa = PBXFileReference; lastKnownFileType = sourcecode.swift; path = ViewController.swift; sourceTree = "<group>"; };
		50E8E1CF20C2175E0012C06C /* Base */ = {isa = PBXFileReference; lastKnownFileType = file.storyboard; name = Base; path = Base.lproj/Main.storyboard; sourceTree = "<group>"; };
		50E8E1D120C2175F0012C06C /* Assets.xcassets */ = {isa = PBXFileReference; lastKnownFileType = folder.assetcatalog; path = Assets.xcassets; sourceTree = "<group>"; };
		50E8E1D420C2175F0012C06C /* Base */ = {isa = PBXFileReference; lastKnownFileType = file.storyboard; name = Base; path = Base.lproj/LaunchScreen.storyboard; sourceTree = "<group>"; };
		50E8E1D620C2175F0012C06C /* Info.plist */ = {isa = PBXFileReference; lastKnownFileType = text.plist.xml; path = Info.plist; sourceTree = "<group>"; };
		50E8E1DC20C21CB20012C06C /* CoordenadasViewController.swift */ = {isa = PBXFileReference; lastKnownFileType = sourcecode.swift; path = CoordenadasViewController.swift; sourceTree = "<group>"; };
		50E8E1DE20C223E20012C06C /* MapaViewController.swift */ = {isa = PBXFileReference; lastKnownFileType = sourcecode.swift; path = MapaViewController.swift; sourceTree = "<group>"; };
/* End PBXFileReference section */

/* Begin PBXFrameworksBuildPhase section */
		50E8E1C420C2175E0012C06C /* Frameworks */ = {
			isa = PBXFrameworksBuildPhase;
			buildActionMask = 2147483647;
			files = (
			);
			runOnlyForDeploymentPostprocessing = 0;
		};
/* End PBXFrameworksBuildPhase section */

/* Begin PBXGroup section */
		50E8E1BE20C2175E0012C06C = {
			isa = PBXGroup;
			children = (
				50E8E1C920C2175E0012C06C /* Mapas */,
				50E8E1C820C2175E0012C06C /* Products */,
			);
			sourceTree = "<group>";
		};
		50E8E1C820C2175E0012C06C /* Products */ = {
			isa = PBXGroup;
			children = (
				50E8E1C720C2175E0012C06C /* Mapas.app */,
			);
			name = Products;
			sourceTree = "<group>";
		};
		50E8E1C920C2175E0012C06C /* Mapas */ = {
			isa = PBXGroup;
			children = (
				50E8E1CA20C2175E0012C06C /* AppDelegate.swift */,
				50E8E1CC20C2175E0012C06C /* ViewController.swift */,
				50E8E1CE20C2175E0012C06C /* Main.storyboard */,
				50E8E1D120C2175F0012C06C /* Assets.xcassets */,
				50E8E1D320C2175F0012C06C /* LaunchScreen.storyboard */,
				50E8E1D620C2175F0012C06C /* Info.plist */,
				50E8E1DC20C21CB20012C06C /* CoordenadasViewController.swift */,
				50E8E1DE20C223E20012C06C /* MapaViewController.swift */,
			);
			path = Mapas;
			sourceTree = "<group>";
		};
/* End PBXGroup section */

/* Begin PBXNativeTarget section */
		50E8E1C620C2175E0012C06C /* Mapas */ = {
			isa = PBXNativeTarget;
			buildConfigurationList = 50E8E1D920C2175F0012C06C /* Build configuration list for PBXNativeTarget "Mapas" */;
			buildPhases = (
				50E8E1C320C2175E0012C06C /* Sources */,
				50E8E1C420C2175E0012C06C /* Frameworks */,
				50E8E1C520C2175E0012C06C /* Resources */,
			);
			buildRules = (
			);
			dependencies = (
			);
			name = Mapas;
			productName = Mapas;
			productReference = 50E8E1C720C2175E0012C06C /* Mapas.app */;
			productType = "com.apple.product-type.application";
		};
/* End PBXNativeTarget section */

/* Begin PBXProject section */
		50E8E1BF20C2175E0012C06C /* Project object */ = {
			isa = PBXProject;
			attributes = {
				LastSwiftUpdateCheck = 0940;
				LastUpgradeCheck = 0940;
				ORGANIZATIONNAME = "Max Alva";
				TargetAttributes = {
					50E8E1C620C2175E0012C06C = {
						CreatedOnToolsVersion = 9.4;
					};
				};
			};
			buildConfigurationList = 50E8E1C220C2175E0012C06C /* Build configuration list for PBXProject "Mapas" */;
			compatibilityVersion = "Xcode 9.3";
			developmentRegion = en;
			hasScannedForEncodings = 0;
			knownRegions = (
				en,
				Base,
			);
			mainGroup = 50E8E1BE20C2175E0012C06C;
			productRefGroup = 50E8E1C820C2175E0012C06C /* Products */;
			projectDirPath = "";
			projectRoot = "";
			targets = (
				50E8E1C620C2175E0012C06C /* Mapas */,
			);
		};
/* End PBXProject section */

/* Begin PBXResourcesBuildPhase section */
		50E8E1C520C2175E0012C06C /* Resources */ = {
			isa = PBXResourcesBuildPhase;
			buildActionMask = 2147483647;
			files = (
				50E8E1D520C2175F0012C06C /* LaunchScreen.storyboard in Resources */,
				50E8E1D220C2175F0012C06C /* Assets.xcassets in Resources */,
				50E8E1D020C2175E0012C06C /* Main.storyboard in Resources */,
			);
			runOnlyForDeploymentPostprocessing = 0;
		};
/* End PBXResourcesBuildPhase section */

/* Begin PBXSourcesBuildPhase section */
		50E8E1C320C2175E0012C06C /* Sources */ = {
			isa = PBXSourcesBuildPhase;
			buildActionMask = 2147483647;
			files = (
				50E8E1DD20C21CB20012C06C /* CoordenadasViewController.swift in Sources */,
				50E8E1DF20C223E20012C06C /* MapaViewController.swift in Sources */,
				50E8E1CD20C2175E0012C06C /* ViewController.swift in Sources */,
				50E8E1CB20C2175E0012C06C /* AppDelegate.swift in Sources */,
			);
			runOnlyForDeploymentPostprocessing = 0;
		};
/* End PBXSourcesBuildPhase section */

/* Begin PBXVariantGroup section */
		50E8E1CE20C2175E0012C06C /* Main.storyboard */ = {
			isa = PBXVariantGroup;
			children = (
				50E8E1CF20C2175E0012C06C /* Base */,
			);
			name = Main.storyboard;
			sourceTree = "<group>";
		};
		50E8E1D320C2175F0012C06C /* LaunchScreen.storyboard */ = {
			isa = PBXVariantGroup;
			children = (
				50E8E1D420C2175F0012C06C /* Base */,
			);
			name = LaunchScreen.storyboard;
			sourceTree = "<group>";
		};
/* End PBXVariantGroup section */

/* Begin XCBuildConfiguration section */
		50E8E1D720C2175F0012C06C /* Debug */ = {
			isa = XCBuildConfiguration;
			buildSettings = {
				ALWAYS_SEARCH_USER_PATHS = NO;
				CLANG_ANALYZER_NONNULL = YES;
				CLANG_ANALYZER_NUMBER_OBJECT_CONVERSION = YES_AGGRESSIVE;
				CLANG_CXX_LANGUAGE_STANDARD = "gnu++14";
				CLANG_CXX_LIBRARY = "libc++";
				CLANG_ENABLE_MODULES = YES;
				CLANG_ENABLE_OBJC_ARC = YES;
				CLANG_ENABLE_OBJC_WEAK = YES;
				CLANG_WARN_BLOCK_CAPTURE_AUTORELEASING = YES;
				CLANG_WARN_BOOL_CONVERSION = YES;
				CLANG_WARN_COMMA = YES;
				CLANG_WARN_CONSTANT_CONVERSION = YES;
				CLANG_WARN_DEPRECATED_OBJC_IMPLEMENTATIONS = YES;
				CLANG_WARN_DIRECT_OBJC_ISA_USAGE = YES_ERROR;
				CLANG_WARN_DOCUMENTATION_COMMENTS = YES;
				CLANG_WARN_EMPTY_BODY = YES;
				CLANG_WARN_ENUM_CONVERSION = YES;
				CLANG_WARN_INFINITE_RECURSION = YES;
				CLANG_WARN_INT_CONVERSION = YES;
				CLANG_WARN_NON_LITERAL_NULL_CONVERSION = YES;
				CLANG_WARN_OBJC_IMPLICIT_RETAIN_SELF = YES;
				CLANG_WARN_OBJC_LITERAL_CONVERSION = YES;
				CLANG_WARN_OBJC_ROOT_CLASS = YES_ERROR;
				CLANG_WARN_RANGE_LOOP_ANALYSIS = YES;
				CLANG_WARN_STRICT_PROTOTYPES = YES;
				CLANG_WARN_SUSPICIOUS_MOVE = YES;
				CLANG_WARN_UNGUARDED_AVAILABILITY = YES_AGGRESSIVE;
				CLANG_WARN_UNREACHABLE_CODE = YES;
				CLANG_WARN__DUPLICATE_METHOD_MATCH = YES;
				CODE_SIGN_IDENTITY = "iPhone Developer";
				COPY_PHASE_STRIP = NO;
				DEBUG_INFORMATION_FORMAT = dwarf;
				ENABLE_STRICT_OBJC_MSGSEND = YES;
				ENABLE_TESTABILITY = YES;
				GCC_C_LANGUAGE_STANDARD = gnu11;
				GCC_DYNAMIC_NO_PIC = NO;
				GCC_NO_COMMON_BLOCKS = YES;
				GCC_OPTIMIZATION_LEVEL = 0;
				GCC_PREPROCESSOR_DEFINITIONS = (
					"DEBUG=1",
					"$(inherited)",
				);
				GCC_WARN_64_TO_32_BIT_CONVERSION = YES;
				GCC_WARN_ABOUT_RETURN_TYPE = YES_ERROR;
				GCC_WARN_UNDECLARED_SELECTOR = YES;
				GCC_WARN_UNINITIALIZED_AUTOS = YES_AGGRESSIVE;
				GCC_WARN_UNUSED_FUNCTION = YES;
				GCC_WARN_UNUSED_VARIABLE = YES;
				IPHONEOS_DEPLOYMENT_TARGET = 11.4;
				MTL_ENABLE_DEBUG_INFO = YES;
				ONLY_ACTIVE_ARCH = YES;
				SDKROOT = iphoneos;
				SWIFT_ACTIVE_COMPILATION_CONDITIONS = DEBUG;
				SWIFT_OPTIMIZATION_LEVEL = "-Onone";
			};
			name = Debug;
		};
		50E8E1D820C2175F0012C06C /* Release */ = {
			isa = XCBuildConfiguration;
			buildSettings = {
				ALWAYS_SEARCH_USER_PATHS = NO;
				CLANG_ANALYZER_NONNULL = YES;
				CLANG_ANALYZER_NUMBER_OBJECT_CONVERSION = YES_AGGRESSIVE;
				CLANG_CXX_LANGUAGE_STANDARD = "gnu++14";
				CLANG_CXX_LIBRARY = "libc++";
				CLANG_ENABLE_MODULES = YES;
				CLANG_ENABLE_OBJC_ARC = YES;
				CLANG_ENABLE_OBJC_WEAK = YES;
				CLANG_WARN_BLOCK_CAPTURE_AUTORELEASING = YES;
				CLANG_WARN_BOOL_CONVERSION = YES;
				CLANG_WARN_COMMA = YES;
				CLANG_WARN_CONSTANT_CONVERSION = YES;
				CLANG_WARN_DEPRECATED_OBJC_IMPLEMENTATIONS = YES;
				CLANG_WARN_DIRECT_OBJC_ISA_USAGE = YES_ERROR;
				CLANG_WARN_DOCUMENTATION_COMMENTS = YES;
				CLANG_WARN_EMPTY_BODY = YES;
				CLANG_WARN_ENUM_CONVERSION = YES;
				CLANG_WARN_INFINITE_RECURSION = YES;
				CLANG_WARN_INT_CONVERSION = YES;
				CLANG_WARN_NON_LITERAL_NULL_CONVERSION = YES;
				CLANG_WARN_OBJC_IMPLICIT_RETAIN_SELF = YES;
				CLANG_WARN_OBJC_LITERAL_CONVERSION = YES;
				CLANG_WARN_OBJC_ROOT_CLASS = YES_ERROR;
				CLANG_WARN_RANGE_LOOP_ANALYSIS = YES;
				CLANG_WARN_STRICT_PROTOTYPES = YES;
				CLANG_WARN_SUSPICIOUS_MOVE = YES;
				CLANG_WARN_UNGUARDED_AVAILABILITY = YES_AGGRESSIVE;
				CLANG_WARN_UNREACHABLE_CODE = YES;
				CLANG_WARN__DUPLICATE_METHOD_MATCH = YES;
				CODE_SIGN_IDENTITY = "iPhone Developer";
				COPY_PHASE_STRIP = NO;
				DEBUG_INFORMATION_FORMAT = "dwarf-with-dsym";
				ENABLE_NS_ASSERTIONS = NO;
				ENABLE_STRICT_OBJC_MSGSEND = YES;
				GCC_C_LANGUAGE_STANDARD = gnu11;
				GCC_NO_COMMON_BLOCKS = YES;
				GCC_WARN_64_TO_32_BIT_CONVERSION = YES;
				GCC_WARN_ABOUT_RETURN_TYPE = YES_ERROR;
				GCC_WARN_UNDECLARED_SELECTOR = YES;
				GCC_WARN_UNINITIALIZED_AUTOS = YES_AGGRESSIVE;
				GCC_WARN_UNUSED_FUNCTION = YES;
				GCC_WARN_UNUSED_VARIABLE = YES;
				IPHONEOS_DEPLOYMENT_TARGET = 11.4;
				MTL_ENABLE_DEBUG_INFO = NO;
				SDKROOT = iphoneos;
				SWIFT_COMPILATION_MODE = wholemodule;
				SWIFT_OPTIMIZATION_LEVEL = "-O";
				VALIDATE_PRODUCT = YES;
			};
			name = Release;
		};
		50E8E1DA20C2175F0012C06C /* Debug */ = {
			isa = XCBuildConfiguration;
			buildSettings = {
				ASSETCATALOG_COMPILER_APPICON_NAME = AppIcon;
				CODE_SIGN_STYLE = Automatic;
				INFOPLIST_FILE = Mapas/Info.plist;
				LD_RUNPATH_SEARCH_PATHS = (
					"$(inherited)",
					"@executable_path/Frameworks",
				);
				PRODUCT_BUNDLE_IDENTIFIER = com.maxalva.Mapas;
				PRODUCT_NAME = "$(TARGET_NAME)";
				SWIFT_VERSION = 4.0;
				TARGETED_DEVICE_FAMILY = "1,2";
			};
			name = Debug;
		};
		50E8E1DB20C2175F0012C06C /* Release */ = {
			isa = XCBuildConfiguration;
			buildSettings = {
				ASSETCATALOG_COMPILER_APPICON_NAME = AppIcon;
				CODE_SIGN_STYLE = Automatic;
				INFOPLIST_FILE = Mapas/Info.plist;
				LD_RUNPATH_SEARCH_PATHS = (
					"$(inherited)",
					"@executable_path/Frameworks",
				);
				PRODUCT_BUNDLE_IDENTIFIER = com.maxalva.Mapas;
				PRODUCT_NAME = "$(TARGET_NAME)";
				SWIFT_VERSION = 4.0;
				TARGETED_DEVICE_FAMILY = "1,2";
			};
			name = Release;
		};
/* End XCBuildConfiguration section */

/* Begin XCConfigurationList section */
		50E8E1C220C2175E0012C06C /* Build configuration list for PBXProject "Mapas" */ = {
			isa = XCConfigurationList;
			buildConfigurations = (
				50E8E1D720C2175F0012C06C /* Debug */,
				50E8E1D820C2175F0012C06C /* Release */,
			);
			defaultConfigurationIsVisible = 0;
			defaultConfigurationName = Release;
		};
		50E8E1D920C2175F0012C06C /* Build configuration list for PBXNativeTarget "Mapas" */ = {
			isa = XCConfigurationList;
			buildConfigurations = (
				50E8E1DA20C2175F0012C06C /* Debug */,
				50E8E1DB20C2175F0012C06C /* Release */,
			);
			defaultConfigurationIsVisible = 0;
			defaultConfigurationName = Release;
		};
/* End XCConfigurationList section */
	};
	rootObject = 50E8E1BF20C2175E0012C06C /* Project object */;
}
